// !$*UTF8*$!
{
	archiveVersion = 1;
	classes = {
	};
	objectVersion = 48;
	objects = {

/* Begin PBXBuildFile section */
		313F5B7D207234CD000B6A20 /* AlipaySDK.bundle in Resources */ = {isa = PBXBuildFile; fileRef = 313F5B7B207234CD000B6A20 /* AlipaySDK.bundle */; };
		313F5B832072351A000B6A20 /* CoreMotion.framework in Frameworks */ = {isa = PBXBuildFile; fileRef = 313F5B822072351A000B6A20 /* CoreMotion.framework */; };
		313F5B8520723524000B6A20 /* CFNetwork.framework in Frameworks */ = {isa = PBXBuildFile; fileRef = 313F5B8420723524000B6A20 /* CFNetwork.framework */; };
		313F5B872072352F000B6A20 /* Foundation.framework in Frameworks */ = {isa = PBXBuildFile; fileRef = 313F5B862072352F000B6A20 /* Foundation.framework */; };
		313F5B8920723535000B6A20 /* UIKit.framework in Frameworks */ = {isa = PBXBuildFile; fileRef = 313F5B8820723535000B6A20 /* UIKit.framework */; };
		313F5B8B2072353E000B6A20 /* CoreGraphics.framework in Frameworks */ = {isa = PBXBuildFile; fileRef = 313F5B8A2072353E000B6A20 /* CoreGraphics.framework */; };
		313F5B8D20723545000B6A20 /* CoreText.framework in Frameworks */ = {isa = PBXBuildFile; fileRef = 313F5B8C20723545000B6A20 /* CoreText.framework */; };
		313F5B8F2072354E000B6A20 /* QuartzCore.framework in Frameworks */ = {isa = PBXBuildFile; fileRef = 313F5B8E2072354E000B6A20 /* QuartzCore.framework */; };
		313F5B912072355E000B6A20 /* CoreTelephony.framework in Frameworks */ = {isa = PBXBuildFile; fileRef = 313F5B902072355E000B6A20 /* CoreTelephony.framework */; };
		313F5B932072356B000B6A20 /* SystemConfiguration.framework in Frameworks */ = {isa = PBXBuildFile; fileRef = 313F5B922072356B000B6A20 /* SystemConfiguration.framework */; };
		313F5B9520723572000B6A20 /* libz.tbd in Frameworks */ = {isa = PBXBuildFile; fileRef = 313F5B9420723572000B6A20 /* libz.tbd */; };
		313F5B9620723580000B6A20 /* libc++.tbd in Frameworks */ = {isa = PBXBuildFile; fileRef = 313F5B802072350E000B6A20 /* libc++.tbd */; };
		313F5B972072369B000B6A20 /* AlipaySDK.framework in Frameworks */ = {isa = PBXBuildFile; fileRef = 313F5B7C207234CD000B6A20 /* AlipaySDK.framework */; };
		318C9EC9205B7399002C06C9 /* AppDelegate.m in Sources */ = {isa = PBXBuildFile; fileRef = 318C9EC8205B7399002C06C9 /* AppDelegate.m */; };
		318C9ECC205B7399002C06C9 /* ViewController.m in Sources */ = {isa = PBXBuildFile; fileRef = 318C9ECB205B7399002C06C9 /* ViewController.m */; };
		318C9ECF205B7399002C06C9 /* Main.storyboard in Resources */ = {isa = PBXBuildFile; fileRef = 318C9ECD205B7399002C06C9 /* Main.storyboard */; };
		318C9ED1205B7399002C06C9 /* Assets.xcassets in Resources */ = {isa = PBXBuildFile; fileRef = 318C9ED0205B7399002C06C9 /* Assets.xcassets */; };
		318C9ED4205B7399002C06C9 /* LaunchScreen.storyboard in Resources */ = {isa = PBXBuildFile; fileRef = 318C9ED2205B7399002C06C9 /* LaunchScreen.storyboard */; };
		318C9ED7205B7399002C06C9 /* main.m in Sources */ = {isa = PBXBuildFile; fileRef = 318C9ED6205B7399002C06C9 /* main.m */; };
		318C9EE1205B7399002C06C9 /* AlipaySDKDemoTests.m in Sources */ = {isa = PBXBuildFile; fileRef = 318C9EE0205B7399002C06C9 /* AlipaySDKDemoTests.m */; };
		318C9EEC205B7399002C06C9 /* AlipaySDKDemoUITests.m in Sources */ = {isa = PBXBuildFile; fileRef = 318C9EEB205B7399002C06C9 /* AlipaySDKDemoUITests.m */; };
/* End PBXBuildFile section */

/* Begin PBXContainerItemProxy section */
		318C9EDD205B7399002C06C9 /* PBXContainerItemProxy */ = {
			isa = PBXContainerItemProxy;
			containerPortal = 318C9EBC205B7399002C06C9 /* Project object */;
			proxyType = 1;
			remoteGlobalIDString = 318C9EC3205B7399002C06C9;
			remoteInfo = AlipaySDKDemo;
		};
		318C9EE8205B7399002C06C9 /* PBXContainerItemProxy */ = {
			isa = PBXContainerItemProxy;
			containerPortal = 318C9EBC205B7399002C06C9 /* Project object */;
			proxyType = 1;
			remoteGlobalIDString = 318C9EC3205B7399002C06C9;
			remoteInfo = AlipaySDKDemo;
		};
/* End PBXContainerItemProxy section */

/* Begin PBXFileReference section */
		313F5B7B207234CD000B6A20 /* AlipaySDK.bundle */ = {isa = PBXFileReference; lastKnownFileType = "wrapper.plug-in"; path = AlipaySDK.bundle; sourceTree = "<group>"; };
		313F5B7C207234CD000B6A20 /* AlipaySDK.framework */ = {isa = PBXFileReference; lastKnownFileType = wrapper.framework; path = AlipaySDK.framework; sourceTree = "<group>"; };
		313F5B802072350E000B6A20 /* libc++.tbd */ = {isa = PBXFileReference; lastKnownFileType = "sourcecode.text-based-dylib-definition"; name = "libc++.tbd"; path = "usr/lib/libc++.tbd"; sourceTree = SDKROOT; };
		313F5B822072351A000B6A20 /* CoreMotion.framework */ = {isa = PBXFileReference; lastKnownFileType = wrapper.framework; name = CoreMotion.framework; path = System/Library/Frameworks/CoreMotion.framework; sourceTree = SDKROOT; };
		313F5B8420723524000B6A20 /* CFNetwork.framework */ = {isa = PBXFileReference; lastKnownFileType = wrapper.framework; name = CFNetwork.framework; path = System/Library/Frameworks/CFNetwork.framework; sourceTree = SDKROOT; };
		313F5B862072352F000B6A20 /* Foundation.framework */ = {isa = PBXFileReference; lastKnownFileType = wrapper.framework; name = Foundation.framework; path = System/Library/Frameworks/Foundation.framework; sourceTree = SDKROOT; };
		313F5B8820723535000B6A20 /* UIKit.framework */ = {isa = PBXFileReference; lastKnownFileType = wrapper.framework; name = UIKit.framework; path = System/Library/Frameworks/UIKit.framework; sourceTree = SDKROOT; };
		313F5B8A2072353E000B6A20 /* CoreGraphics.framework */ = {isa = PBXFileReference; lastKnownFileType = wrapper.framework; name = CoreGraphics.framework; path = System/Library/Frameworks/CoreGraphics.framework; sourceTree = SDKROOT; };
		313F5B8C20723545000B6A20 /* CoreText.framework */ = {isa = PBXFileReference; lastKnownFileType = wrapper.framework; name = CoreText.framework; path = System/Library/Frameworks/CoreText.framework; sourceTree = SDKROOT; };
		313F5B8E2072354E000B6A20 /* QuartzCore.framework */ = {isa = PBXFileReference; lastKnownFileType = wrapper.framework; name = QuartzCore.framework; path = System/Library/Frameworks/QuartzCore.framework; sourceTree = SDKROOT; };
		313F5B902072355E000B6A20 /* CoreTelephony.framework */ = {isa = PBXFileReference; lastKnownFileType = wrapper.framework; name = CoreTelephony.framework; path = System/Library/Frameworks/CoreTelephony.framework; sourceTree = SDKROOT; };
		313F5B922072356B000B6A20 /* SystemConfiguration.framework */ = {isa = PBXFileReference; lastKnownFileType = wrapper.framework; name = SystemConfiguration.framework; path = System/Library/Frameworks/SystemConfiguration.framework; sourceTree = SDKROOT; };
		313F5B9420723572000B6A20 /* libz.tbd */ = {isa = PBXFileReference; lastKnownFileType = "sourcecode.text-based-dylib-definition"; name = libz.tbd; path = usr/lib/libz.tbd; sourceTree = SDKROOT; };
		318C9EC4205B7399002C06C9 /* AlipaySDKDemo.app */ = {isa = PBXFileReference; explicitFileType = wrapper.application; includeInIndex = 0; path = AlipaySDKDemo.app; sourceTree = BUILT_PRODUCTS_DIR; };
		318C9EC7205B7399002C06C9 /* AppDelegate.h */ = {isa = PBXFileReference; lastKnownFileType = sourcecode.c.h; path = AppDelegate.h; sourceTree = "<group>"; };
		318C9EC8205B7399002C06C9 /* AppDelegate.m */ = {isa = PBXFileReference; lastKnownFileType = sourcecode.c.objc; path = AppDelegate.m; sourceTree = "<group>"; };
		318C9ECA205B7399002C06C9 /* ViewController.h */ = {isa = PBXFileReference; lastKnownFileType = sourcecode.c.h; path = ViewController.h; sourceTree = "<group>"; };
		318C9ECB205B7399002C06C9 /* ViewController.m */ = {isa = PBXFileReference; lastKnownFileType = sourcecode.c.objc; path = ViewController.m; sourceTree = "<group>"; };
		318C9ECE205B7399002C06C9 /* Base */ = {isa = PBXFileReference; lastKnownFileType = file.storyboard; name = Base; path = Base.lproj/Main.storyboard; sourceTree = "<group>"; };
		318C9ED0205B7399002C06C9 /* Assets.xcassets */ = {isa = PBXFileReference; lastKnownFileType = folder.assetcatalog; path = Assets.xcassets; sourceTree = "<group>"; };
		318C9ED3205B7399002C06C9 /* Base */ = {isa = PBXFileReference; lastKnownFileType = file.storyboard; name = Base; path = Base.lproj/LaunchScreen.storyboard; sourceTree = "<group>"; };
		318C9ED5205B7399002C06C9 /* Info.plist */ = {isa = PBXFileReference; lastKnownFileType = text.plist.xml; path = Info.plist; sourceTree = "<group>"; };
		318C9ED6205B7399002C06C9 /* main.m */ = {isa = PBXFileReference; lastKnownFileType = sourcecode.c.objc; path = main.m; sourceTree = "<group>"; };
		318C9EDC205B7399002C06C9 /* AlipaySDKDemoTests.xctest */ = {isa = PBXFileReference; explicitFileType = wrapper.cfbundle; includeInIndex = 0; path = AlipaySDKDemoTests.xctest; sourceTree = BUILT_PRODUCTS_DIR; };
		318C9EE0205B7399002C06C9 /* AlipaySDKDemoTests.m */ = {isa = PBXFileReference; lastKnownFileType = sourcecode.c.objc; path = AlipaySDKDemoTests.m; sourceTree = "<group>"; };
		318C9EE2205B7399002C06C9 /* Info.plist */ = {isa = PBXFileReference; lastKnownFileType = text.plist.xml; path = Info.plist; sourceTree = "<group>"; };
		318C9EE7205B7399002C06C9 /* AlipaySDKDemoUITests.xctest */ = {isa = PBXFileReference; explicitFileType = wrapper.cfbundle; includeInIndex = 0; path = AlipaySDKDemoUITests.xctest; sourceTree = BUILT_PRODUCTS_DIR; };
		318C9EEB205B7399002C06C9 /* AlipaySDKDemoUITests.m */ = {isa = PBXFileReference; lastKnownFileType = sourcecode.c.objc; path = AlipaySDKDemoUITests.m; sourceTree = "<group>"; };
		318C9EED205B7399002C06C9 /* Info.plist */ = {isa = PBXFileReference; lastKnownFileType = text.plist.xml; path = Info.plist; sourceTree = "<group>"; };
/* End PBXFileReference section */

/* Begin PBXFrameworksBuildPhase section */
		318C9EC1205B7399002C06C9 /* Frameworks */ = {
			isa = PBXFrameworksBuildPhase;
			buildActionMask = 2147483647;
			files = (
				313F5B9620723580000B6A20 /* libc++.tbd in Frameworks */,
				313F5B9520723572000B6A20 /* libz.tbd in Frameworks */,
				313F5B932072356B000B6A20 /* SystemConfiguration.framework in Frameworks */,
				313F5B912072355E000B6A20 /* CoreTelephony.framework in Frameworks */,
				313F5B8F2072354E000B6A20 /* QuartzCore.framework in Frameworks */,
				313F5B8D20723545000B6A20 /* CoreText.framework in Frameworks */,
				313F5B8B2072353E000B6A20 /* CoreGraphics.framework in Frameworks */,
				313F5B8920723535000B6A20 /* UIKit.framework in Frameworks */,
				313F5B872072352F000B6A20 /* Foundation.framework in Frameworks */,
				313F5B8520723524000B6A20 /* CFNetwork.framework in Frameworks */,
				313F5B832072351A000B6A20 /* CoreMotion.framework in Frameworks */,
				313F5B972072369B000B6A20 /* AlipaySDK.framework in Frameworks */,
			);
			runOnlyForDeploymentPostprocessing = 0;
		};
		318C9ED9205B7399002C06C9 /* Frameworks */ = {
			isa = PBXFrameworksBuildPhase;
			buildActionMask = 2147483647;
			files = (
			);
			runOnlyForDeploymentPostprocessing = 0;
		};
		318C9EE4205B7399002C06C9 /* Frameworks */ = {
			isa = PBXFrameworksBuildPhase;
			buildActionMask = 2147483647;
			files = (
			);
			runOnlyForDeploymentPostprocessing = 0;
		};
/* End PBXFrameworksBuildPhase section */

/* Begin PBXGroup section */
		313F5B7A207234CD000B6A20 /* AlipaySDK */ = {
			isa = PBXGroup;
			children = (
				313F5B7B207234CD000B6A20 /* AlipaySDK.bundle */,
				313F5B7C207234CD000B6A20 /* AlipaySDK.framework */,
			);
			name = AlipaySDK;
			path = ../AlipaySDK;
			sourceTree = "<group>";
		};
		313F5B7F2072350D000B6A20 /* Frameworks */ = {
			isa = PBXGroup;
			children = (
				313F5B9420723572000B6A20 /* libz.tbd */,
				313F5B922072356B000B6A20 /* SystemConfiguration.framework */,
				313F5B902072355E000B6A20 /* CoreTelephony.framework */,
				313F5B8E2072354E000B6A20 /* QuartzCore.framework */,
				313F5B8C20723545000B6A20 /* CoreText.framework */,
				313F5B8A2072353E000B6A20 /* CoreGraphics.framework */,
				313F5B8820723535000B6A20 /* UIKit.framework */,
				313F5B862072352F000B6A20 /* Foundation.framework */,
				313F5B8420723524000B6A20 /* CFNetwork.framework */,
				313F5B822072351A000B6A20 /* CoreMotion.framework */,
				313F5B802072350E000B6A20 /* libc++.tbd */,
			);
			name = Frameworks;
			sourceTree = "<group>";
		};
		318C9EBB205B7399002C06C9 = {
			isa = PBXGroup;
			children = (
				313F5B7A207234CD000B6A20 /* AlipaySDK */,
				318C9EC6205B7399002C06C9 /* AlipaySDKDemo */,
				318C9EDF205B7399002C06C9 /* AlipaySDKDemoTests */,
				318C9EEA205B7399002C06C9 /* AlipaySDKDemoUITests */,
				318C9EC5205B7399002C06C9 /* Products */,
				313F5B7F2072350D000B6A20 /* Frameworks */,
			);
			sourceTree = "<group>";
		};
		318C9EC5205B7399002C06C9 /* Products */ = {
			isa = PBXGroup;
			children = (
				318C9EC4205B7399002C06C9 /* AlipaySDKDemo.app */,
				318C9EDC205B7399002C06C9 /* AlipaySDKDemoTests.xctest */,
				318C9EE7205B7399002C06C9 /* AlipaySDKDemoUITests.xctest */,
			);
			name = Products;
			sourceTree = "<group>";
		};
		318C9EC6205B7399002C06C9 /* AlipaySDKDemo */ = {
			isa = PBXGroup;
			children = (
				318C9EC7205B7399002C06C9 /* AppDelegate.h */,
				318C9EC8205B7399002C06C9 /* AppDelegate.m */,
				318C9ECA205B7399002C06C9 /* ViewController.h */,
				318C9ECB205B7399002C06C9 /* ViewController.m */,
				318C9ECD205B7399002C06C9 /* Main.storyboard */,
				318C9ED0205B7399002C06C9 /* Assets.xcassets */,
				318C9ED2205B7399002C06C9 /* LaunchScreen.storyboard */,
				318C9ED5205B7399002C06C9 /* Info.plist */,
				318C9ED6205B7399002C06C9 /* main.m */,
			);
			path = AlipaySDKDemo;
			sourceTree = "<group>";
		};
		318C9EDF205B7399002C06C9 /* AlipaySDKDemoTests */ = {
			isa = PBXGroup;
			children = (
				318C9EE0205B7399002C06C9 /* AlipaySDKDemoTests.m */,
				318C9EE2205B7399002C06C9 /* Info.plist */,
			);
			path = AlipaySDKDemoTests;
			sourceTree = "<group>";
		};
		318C9EEA205B7399002C06C9 /* AlipaySDKDemoUITests */ = {
			isa = PBXGroup;
			children = (
				318C9EEB205B7399002C06C9 /* AlipaySDKDemoUITests.m */,
				318C9EED205B7399002C06C9 /* Info.plist */,
			);
			path = AlipaySDKDemoUITests;
			sourceTree = "<group>";
		};
/* End PBXGroup section */

/* Begin PBXNativeTarget section */
		318C9EC3205B7399002C06C9 /* AlipaySDKDemo */ = {
			isa = PBXNativeTarget;
			buildConfigurationList = 318C9EF0205B739A002C06C9 /* Build configuration list for PBXNativeTarget "AlipaySDKDemo" */;
			buildPhases = (
				318C9EC0205B7399002C06C9 /* Sources */,
				318C9EC1205B7399002C06C9 /* Frameworks */,
				318C9EC2205B7399002C06C9 /* Resources */,
			);
			buildRules = (
			);
			dependencies = (
			);
			name = AlipaySDKDemo;
			productName = AlipaySDKDemo;
			productReference = 318C9EC4205B7399002C06C9 /* AlipaySDKDemo.app */;
			productType = "com.apple.product-type.application";
		};
		318C9EDB205B7399002C06C9 /* AlipaySDKDemoTests */ = {
			isa = PBXNativeTarget;
			buildConfigurationList = 318C9EF3205B739A002C06C9 /* Build configuration list for PBXNativeTarget "AlipaySDKDemoTests" */;
			buildPhases = (
				318C9ED8205B7399002C06C9 /* Sources */,
				318C9ED9205B7399002C06C9 /* Frameworks */,
				318C9EDA205B7399002C06C9 /* Resources */,
			);
			buildRules = (
			);
			dependencies = (
				318C9EDE205B7399002C06C9 /* PBXTargetDependency */,
			);
			name = AlipaySDKDemoTests;
			productName = AlipaySDKDemoTests;
			productReference = 318C9EDC205B7399002C06C9 /* AlipaySDKDemoTests.xctest */;
			productType = "com.apple.product-type.bundle.unit-test";
		};
		318C9EE6205B7399002C06C9 /* AlipaySDKDemoUITests */ = {
			isa = PBXNativeTarget;
			buildConfigurationList = 318C9EF6205B739A002C06C9 /* Build configuration list for PBXNativeTarget "AlipaySDKDemoUITests" */;
			buildPhases = (
				318C9EE3205B7399002C06C9 /* Sources */,
				318C9EE4205B7399002C06C9 /* Frameworks */,
				318C9EE5205B7399002C06C9 /* Resources */,
			);
			buildRules = (
			);
			dependencies = (
				318C9EE9205B7399002C06C9 /* PBXTargetDependency */,
			);
			name = AlipaySDKDemoUITests;
			productName = AlipaySDKDemoUITests;
			productReference = 318C9EE7205B7399002C06C9 /* AlipaySDKDemoUITests.xctest */;
			productType = "com.apple.product-type.bundle.ui-testing";
		};
/* End PBXNativeTarget section */

/* Begin PBXProject section */
		318C9EBC205B7399002C06C9 /* Project object */ = {
			isa = PBXProject;
			attributes = {
				LastUpgradeCheck = 0920;
				ORGANIZATIONNAME = caosuyang;
				TargetAttributes = {
					318C9EC3205B7399002C06C9 = {
						CreatedOnToolsVersion = 9.2;
						ProvisioningStyle = Automatic;
					};
					318C9EDB205B7399002C06C9 = {
						CreatedOnToolsVersion = 9.2;
						ProvisioningStyle = Automatic;
						TestTargetID = 318C9EC3205B7399002C06C9;
					};
					318C9EE6205B7399002C06C9 = {
						CreatedOnToolsVersion = 9.2;
						ProvisioningStyle = Automatic;
						TestTargetID = 318C9EC3205B7399002C06C9;
					};
				};
			};
			buildConfigurationList = 318C9EBF205B7399002C06C9 /* Build configuration list for PBXProject "AlipaySDKDemo" */;
			compatibilityVersion = "Xcode 8.0";
			developmentRegion = en;
			hasScannedForEncodings = 0;
			knownRegions = (
				en,
				Base,
			);
			mainGroup = 318C9EBB205B7399002C06C9;
			productRefGroup = 318C9EC5205B7399002C06C9 /* Products */;
			projectDirPath = "";
			projectRoot = "";
			targets = (
				318C9EC3205B7399002C06C9 /* AlipaySDKDemo */,
				318C9EDB205B7399002C06C9 /* AlipaySDKDemoTests */,
				318C9EE6205B7399002C06C9 /* AlipaySDKDemoUITests */,
			);
		};
/* End PBXProject section */

/* Begin PBXResourcesBuildPhase section */
		318C9EC2205B7399002C06C9 /* Resources */ = {
			isa = PBXResourcesBuildPhase;
			buildActionMask = 2147483647;
			files = (
				318C9ED4205B7399002C06C9 /* LaunchScreen.storyboard in Resources */,
				318C9ED1205B7399002C06C9 /* Assets.xcassets in Resources */,
				313F5B7D207234CD000B6A20 /* AlipaySDK.bundle in Resources */,
				318C9ECF205B7399002C06C9 /* Main.storyboard in Resources */,
			);
			runOnlyForDeploymentPostprocessing = 0;
		};
		318C9EDA205B7399002C06C9 /* Resources */ = {
			isa = PBXResourcesBuildPhase;
			buildActionMask = 2147483647;
			files = (
			);
			runOnlyForDeploymentPostprocessing = 0;
		};
		318C9EE5205B7399002C06C9 /* Resources */ = {
			isa = PBXResourcesBuildPhase;
			buildActionMask = 2147483647;
			files = (
			);
			runOnlyForDeploymentPostprocessing = 0;
		};
/* End PBXResourcesBuildPhase section */

/* Begin PBXSourcesBuildPhase section */
		318C9EC0205B7399002C06C9 /* Sources */ = {
			isa = PBXSourcesBuildPhase;
			buildActionMask = 2147483647;
			files = (
				318C9ECC205B7399002C06C9 /* ViewController.m in Sources */,
				318C9ED7205B7399002C06C9 /* main.m in Sources */,
				318C9EC9205B7399002C06C9 /* AppDelegate.m in Sources */,
			);
			runOnlyForDeploymentPostprocessing = 0;
		};
		318C9ED8205B7399002C06C9 /* Sources */ = {
			isa = PBXSourcesBuildPhase;
			buildActionMask = 2147483647;
			files = (
				318C9EE1205B7399002C06C9 /* AlipaySDKDemoTests.m in Sources */,
			);
			runOnlyForDeploymentPostprocessing = 0;
		};
		318C9EE3205B7399002C06C9 /* Sources */ = {
			isa = PBXSourcesBuildPhase;
			buildActionMask = 2147483647;
			files = (
				318C9EEC205B7399002C06C9 /* AlipaySDKDemoUITests.m in Sources */,
			);
			runOnlyForDeploymentPostprocessing = 0;
		};
/* End PBXSourcesBuildPhase section */

/* Begin PBXTargetDependency section */
		318C9EDE205B7399002C06C9 /* PBXTargetDependency */ = {
			isa = PBXTargetDependency;
			target = 318C9EC3205B7399002C06C9 /* AlipaySDKDemo */;
			targetProxy = 318C9EDD205B7399002C06C9 /* PBXContainerItemProxy */;
		};
		318C9EE9205B7399002C06C9 /* PBXTargetDependency */ = {
			isa = PBXTargetDependency;
			target = 318C9EC3205B7399002C06C9 /* AlipaySDKDemo */;
			targetProxy = 318C9EE8205B7399002C06C9 /* PBXContainerItemProxy */;
		};
/* End PBXTargetDependency section */

/* Begin PBXVariantGroup section */
		318C9ECD205B7399002C06C9 /* Main.storyboard */ = {
			isa = PBXVariantGroup;
			children = (
				318C9ECE205B7399002C06C9 /* Base */,
			);
			name = Main.storyboard;
			sourceTree = "<group>";
		};
		318C9ED2205B7399002C06C9 /* LaunchScreen.storyboard */ = {
			isa = PBXVariantGroup;
			children = (
				318C9ED3205B7399002C06C9 /* Base */,
			);
			name = LaunchScreen.storyboard;
			sourceTree = "<group>";
		};
/* End PBXVariantGroup section */

/* Begin XCBuildConfiguration section */
		318C9EEE205B7399002C06C9 /* Debug */ = {
			isa = XCBuildConfiguration;
			buildSettings = {
				ALWAYS_SEARCH_USER_PATHS = NO;
				CLANG_ANALYZER_NONNULL = YES;
				CLANG_ANALYZER_NUMBER_OBJECT_CONVERSION = YES_AGGRESSIVE;
				CLANG_CXX_LANGUAGE_STANDARD = "gnu++14";
				CLANG_CXX_LIBRARY = "libc++";
				CLANG_ENABLE_MODULES = YES;
				CLANG_ENABLE_OBJC_ARC = YES;
				CLANG_WARN_BLOCK_CAPTURE_AUTORELEASING = YES;
				CLANG_WARN_BOOL_CONVERSION = YES;
				CLANG_WARN_COMMA = YES;
				CLANG_WARN_CONSTANT_CONVERSION = YES;
				CLANG_WARN_DIRECT_OBJC_ISA_USAGE = YES_ERROR;
				CLANG_WARN_DOCUMENTATION_COMMENTS = YES;
				CLANG_WARN_EMPTY_BODY = YES;
				CLANG_WARN_ENUM_CONVERSION = YES;
				CLANG_WARN_INFINITE_RECURSION = YES;
				CLANG_WARN_INT_CONVERSION = YES;
				CLANG_WARN_NON_LITERAL_NULL_CONVERSION = YES;
				CLANG_WARN_OBJC_LITERAL_CONVERSION = YES;
				CLANG_WARN_OBJC_ROOT_CLASS = YES_ERROR;
				CLANG_WARN_RANGE_LOOP_ANALYSIS = YES;
				CLANG_WARN_STRICT_PROTOTYPES = YES;
				CLANG_WARN_SUSPICIOUS_MOVE = YES;
				CLANG_WARN_UNGUARDED_AVAILABILITY = YES_AGGRESSIVE;
				CLANG_WARN_UNREACHABLE_CODE = YES;
				CLANG_WARN__DUPLICATE_METHOD_MATCH = YES;
				CODE_SIGN_IDENTITY = "iPhone Developer";
				COPY_PHASE_STRIP = NO;
				DEBUG_INFORMATION_FORMAT = dwarf;
				ENABLE_STRICT_OBJC_MSGSEND = YES;
				ENABLE_TESTABILITY = YES;
				GCC_C_LANGUAGE_STANDARD = gnu11;
				GCC_DYNAMIC_NO_PIC = NO;
				GCC_NO_COMMON_BLOCKS = YES;
				GCC_OPTIMIZATION_LEVEL = 0;
				GCC_PREPROCESSOR_DEFINITIONS = (
					"DEBUG=1",
					"$(inherited)",
				);
				GCC_WARN_64_TO_32_BIT_CONVERSION = YES;
				GCC_WARN_ABOUT_RETURN_TYPE = YES_ERROR;
				GCC_WARN_UNDECLARED_SELECTOR = YES;
				GCC_WARN_UNINITIALIZED_AUTOS = YES_AGGRESSIVE;
				GCC_WARN_UNUSED_FUNCTION = YES;
				GCC_WARN_UNUSED_VARIABLE = YES;
				IPHONEOS_DEPLOYMENT_TARGET = 11.2;
				MTL_ENABLE_DEBUG_INFO = YES;
				ONLY_ACTIVE_ARCH = YES;
				SDKROOT = iphoneos;
			};
			name = Debug;
		};
		318C9EEF205B7399002C06C9 /* Release */ = {
			isa = XCBuildConfiguration;
			buildSettings = {
				ALWAYS_SEARCH_USER_PATHS = NO;
				CLANG_ANALYZER_NONNULL = YES;
				CLANG_ANALYZER_NUMBER_OBJECT_CONVERSION = YES_AGGRESSIVE;
				CLANG_CXX_LANGUAGE_STANDARD = "gnu++14";
				CLANG_CXX_LIBRARY = "libc++";
				CLANG_ENABLE_MODULES = YES;
				CLANG_ENABLE_OBJC_ARC = YES;
				CLANG_WARN_BLOCK_CAPTURE_AUTORELEASING = YES;
				CLANG_WARN_BOOL_CONVERSION = YES;
				CLANG_WARN_COMMA = YES;
				CLANG_WARN_CONSTANT_CONVERSION = YES;
				CLANG_WARN_DIRECT_OBJC_ISA_USAGE = YES_ERROR;
				CLANG_WARN_DOCUMENTATION_COMMENTS = YES;
				CLANG_WARN_EMPTY_BODY = YES;
				CLANG_WARN_ENUM_CONVERSION = YES;
				CLANG_WARN_INFINITE_RECURSION = YES;
				CLANG_WARN_INT_CONVERSION = YES;
				CLANG_WARN_NON_LITERAL_NULL_CONVERSION = YES;
				CLANG_WARN_OBJC_LITERAL_CONVERSION = YES;
				CLANG_WARN_OBJC_ROOT_CLASS = YES_ERROR;
				CLANG_WARN_RANGE_LOOP_ANALYSIS = YES;
				CLANG_WARN_STRICT_PROTOTYPES = YES;
				CLANG_WARN_SUSPICIOUS_MOVE = YES;
				CLANG_WARN_UNGUARDED_AVAILABILITY = YES_AGGRESSIVE;
				CLANG_WARN_UNREACHABLE_CODE = YES;
				CLANG_WARN__DUPLICATE_METHOD_MATCH = YES;
				CODE_SIGN_IDENTITY = "iPhone Developer";
				COPY_PHASE_STRIP = NO;
				DEBUG_INFORMATION_FORMAT = "dwarf-with-dsym";
				ENABLE_NS_ASSERTIONS = NO;
				ENABLE_STRICT_OBJC_MSGSEND = YES;
				GCC_C_LANGUAGE_STANDARD = gnu11;
				GCC_NO_COMMON_BLOCKS = YES;
				GCC_WARN_64_TO_32_BIT_CONVERSION = YES;
				GCC_WARN_ABOUT_RETURN_TYPE = YES_ERROR;
				GCC_WARN_UNDECLARED_SELECTOR = YES;
				GCC_WARN_UNINITIALIZED_AUTOS = YES_AGGRESSIVE;
				GCC_WARN_UNUSED_FUNCTION = YES;
				GCC_WARN_UNUSED_VARIABLE = YES;
				IPHONEOS_DEPLOYMENT_TARGET = 11.2;
				MTL_ENABLE_DEBUG_INFO = NO;
				SDKROOT = iphoneos;
				VALIDATE_PRODUCT = YES;
			};
			name = Release;
		};
		318C9EF1205B739A002C06C9 /* Debug */ = {
			isa = XCBuildConfiguration;
			buildSettings = {
				ASSETCATALOG_COMPILER_APPICON_NAME = AppIcon;
				CODE_SIGN_STYLE = Automatic;
				DEVELOPMENT_TEAM = 6S34JWBQE8;
				ENABLE_BITCODE = NO;
				INFOPLIST_FILE = AlipaySDKDemo/Info.plist;
				LD_RUNPATH_SEARCH_PATHS = "$(inherited) @executable_path/Frameworks";
				PRODUCT_BUNDLE_IDENTIFIER = com.caosuyang.AlipaySDKDemo;
				PRODUCT_NAME = "$(TARGET_NAME)";
				TARGETED_DEVICE_FAMILY = "1,2";
			};
			name = Debug;
		};
		318C9EF2205B739A002C06C9 /* Release */ = {
			isa = XCBuildConfiguration;
			buildSettings = {
				ASSETCATALOG_COMPILER_APPICON_NAME = AppIcon;
				CODE_SIGN_STYLE = Automatic;
				DEVELOPMENT_TEAM = 6S34JWBQE8;
				ENABLE_BITCODE = NO;
				INFOPLIST_FILE = AlipaySDKDemo/Info.plist;
				LD_RUNPATH_SEARCH_PATHS = "$(inherited) @executable_path/Frameworks";
				PRODUCT_BUNDLE_IDENTIFIER = com.caosuyang.AlipaySDKDemo;
				PRODUCT_NAME = "$(TARGET_NAME)";
				TARGETED_DEVICE_FAMILY = "1,2";
			};
			name = Release;
		};
		318C9EF4205B739A002C06C9 /* Debug */ = {
			isa = XCBuildConfiguration;
			buildSettings = {
				BUNDLE_LOADER = "$(TEST_HOST)";
				CODE_SIGN_STYLE = Automatic;
				DEVELOPMENT_TEAM = 6S34JWBQE8;
				INFOPLIST_FILE = AlipaySDKDemoTests/Info.plist;
				LD_RUNPATH_SEARCH_PATHS = "$(inherited) @executable_path/Frameworks @loader_path/Frameworks";
				PRODUCT_BUNDLE_IDENTIFIER = com.caosuyang.AlipaySDKDemoTests;
				PRODUCT_NAME = "$(TARGET_NAME)";
				TARGETED_DEVICE_FAMILY = "1,2";
				TEST_HOST = "$(BUILT_PRODUCTS_DIR)/AlipaySDKDemo.app/AlipaySDKDemo";
			};
			name = Debug;
		};
		318C9EF5205B739A002C06C9 /* Release */ = {
			isa = XCBuildConfiguration;
			buildSettings = {
				BUNDLE_LOADER = "$(TEST_HOST)";
				CODE_SIGN_STYLE = Automatic;
				DEVELOPMENT_TEAM = 6S34JWBQE8;
				INFOPLIST_FILE = AlipaySDKDemoTests/Info.plist;
				LD_RUNPATH_SEARCH_PATHS = "$(inherited) @executable_path/Frameworks @loader_path/Frameworks";
				PRODUCT_BUNDLE_IDENTIFIER = com.caosuyang.AlipaySDKDemoTests;
				PRODUCT_NAME = "$(TARGET_NAME)";
				TARGETED_DEVICE_FAMILY = "1,2";
				TEST_HOST = "$(BUILT_PRODUCTS_DIR)/AlipaySDKDemo.app/AlipaySDKDemo";
			};
			name = Release;
		};
		318C9EF7205B739A002C06C9 /* Debug */ = {
			isa = XCBuildConfiguration;
			buildSettings = {
				CODE_SIGN_STYLE = Automatic;
				DEVELOPMENT_TEAM = 6S34JWBQE8;
				INFOPLIST_FILE = AlipaySDKDemoUITests/Info.plist;
				LD_RUNPATH_SEARCH_PATHS = "$(inherited) @executable_path/Frameworks @loader_path/Frameworks";
				PRODUCT_BUNDLE_IDENTIFIER = com.caosuyang.AlipaySDKDemoUITests;
				PRODUCT_NAME = "$(TARGET_NAME)";
				TARGETED_DEVICE_FAMILY = "1,2";
				TEST_TARGET_NAME = AlipaySDKDemo;
			};
			name = Debug;
		};
		318C9EF8205B739A002C06C9 /* Release */ = {
			isa = XCBuildConfiguration;
			buildSettings = {
				CODE_SIGN_STYLE = Automatic;
				DEVELOPMENT_TEAM = 6S34JWBQE8;
				INFOPLIST_FILE = AlipaySDKDemoUITests/Info.plist;
				LD_RUNPATH_SEARCH_PATHS = "$(inherited) @executable_path/Frameworks @loader_path/Frameworks";
				PRODUCT_BUNDLE_IDENTIFIER = com.caosuyang.AlipaySDKDemoUITests;
				PRODUCT_NAME = "$(TARGET_NAME)";
				TARGETED_DEVICE_FAMILY = "1,2";
				TEST_TARGET_NAME = AlipaySDKDemo;
			};
			name = Release;
		};
/* End XCBuildConfiguration section */

/* Begin XCConfigurationList section */
		318C9EBF205B7399002C06C9 /* Build configuration list for PBXProject "AlipaySDKDemo" */ = {
			isa = XCConfigurationList;
			buildConfigurations = (
				318C9EEE205B7399002C06C9 /* Debug */,
				318C9EEF205B7399002C06C9 /* Release */,
			);
			defaultConfigurationIsVisible = 0;
			defaultConfigurationName = Release;
		};
		318C9EF0205B739A002C06C9 /* Build configuration list for PBXNativeTarget "AlipaySDKDemo" */ = {
			isa = XCConfigurationList;
			buildConfigurations = (
				318C9EF1205B739A002C06C9 /* Debug */,
				318C9EF2205B739A002C06C9 /* Release */,
			);
			defaultConfigurationIsVisible = 0;
			defaultConfigurationName = Release;
		};
		318C9EF3205B739A002C06C9 /* Build configuration list for PBXNativeTarget "AlipaySDKDemoTests" */ = {
			isa = XCConfigurationList;
			buildConfigurations = (
				318C9EF4205B739A002C06C9 /* Debug */,
				318C9EF5205B739A002C06C9 /* Release */,
			);
			defaultConfigurationIsVisible = 0;
			defaultConfigurationName = Release;
		};
		318C9EF6205B739A002C06C9 /* Build configuration list for PBXNativeTarget "AlipaySDKDemoUITests" */ = {
			isa = XCConfigurationList;
			buildConfigurations = (
				318C9EF7205B739A002C06C9 /* Debug */,
				318C9EF8205B739A002C06C9 /* Release */,
			);
			defaultConfigurationIsVisible = 0;
			defaultConfigurationName = Release;
		};
/* End XCConfigurationList section */
	};
	rootObject = 318C9EBC205B7399002C06C9 /* Project object */;
}
